
Microsoft Visual Studio Solution File, Format Version 12.00
# Visual Studio Version 17
VisualStudioVersion = 17.10.35122.118
MinimumVisualStudioVersion = 10.0.40219.1
Project("{FAE04EC0-301F-11D3-BF4B-00C04F79EFBC}") = "MundoPrendarios.API", "MundoPrendarios.API\MundoPrendarios.API.csproj", "{26769AF0-D871-41E3-B6EA-77AAF501A5B8}"
EndProject
Project("{FAE04EC0-301F-11D3-BF4B-00C04F79EFBC}") = "MundoPrendarios.Core", "MundoPrendarios.Core\MundoPrendarios.Core.csproj", "{533720A0-F86E-490C-ABAD-12C806D53258}"
EndProject
Project("{FAE04EC0-301F-11D3-BF4B-00C04F79EFBC}") = "MundoPrendarios.Infrastructure", "MundoPrendarios.Infrastructure\MundoPrendarios.Infrastructure.csproj", "{61F6BFF2-6AC1-4053-8F92-B4DBD675BA06}"
EndProject
Global
	GlobalSection(SolutionConfigurationPlatforms) = preSolution
		Debug|Any CPU = Debug|Any CPU
		Release|Any CPU = Release|Any CPU
	EndGlobalSection
	GlobalSection(ProjectConfigurationPlatforms) = postSolution
		{26769AF0-D871-41E3-B6EA-77AAF501A5B8}.Debug|Any CPU.ActiveCfg = Debug|Any CPU
		{26769AF0-D871-41E3-B6EA-77AAF501A5B8}.Debug|Any CPU.Build.0 = Debug|Any CPU
		{26769AF0-D871-41E3-B6EA-77AAF501A5B8}.Release|Any CPU.ActiveCfg = Release|Any CPU
		{26769AF0-D871-41E3-B6EA-77AAF501A5B8}.Release|Any CPU.Build.0 = Release|Any CPU
		{533720A0-F86E-490C-ABAD-12C806D53258}.Debug|Any CPU.ActiveCfg = Debug|Any CPU
		{533720A0-F86E-490C-ABAD-12C806D53258}.Debug|Any CPU.Build.0 = Debug|Any CPU
		{533720A0-F86E-490C-ABAD-12C806D53258}.Release|Any CPU.ActiveCfg = Release|Any CPU
		{533720A0-F86E-490C-ABAD-12C806D53258}.Release|Any CPU.Build.0 = Release|Any CPU
		{61F6BFF2-6AC1-4053-8F92-B4DBD675BA06}.Debug|Any CPU.ActiveCfg = Debug|Any CPU
		{61F6BFF2-6AC1-4053-8F92-B4DBD675BA06}.Debug|Any CPU.Build.0 = Debug|Any CPU
		{61F6BFF2-6AC1-4053-8F92-B4DBD675BA06}.Release|Any CPU.ActiveCfg = Release|Any CPU
		{61F6BFF2-6AC1-4053-8F92-B4DBD675BA06}.Release|Any CPU.Build.0 = Release|Any CPU
	EndGlobalSection
	GlobalSection(SolutionProperties) = preSolution
		HideSolutionNode = FALSE
	EndGlobalSection
	GlobalSection(ExtensibilityGlobals) = postSolution
		SolutionGuid = {4576A58C-2FB0-4C70-9E30-4BC1DC9ED753}
	EndGlobalSection
EndGlobal
